
Microsoft Visual Studio Solution File, Format Version 12.00
# Visual Studio 15
VisualStudioVersion = 15.0.26430.15
MinimumVisualStudioVersion = 10.0.40219.1
Project("{9A19103F-16F7-4668-BE54-9A1E7A4F7556}") = "MyLibrary", "MyLibrary\MyLibrary.csproj", "{203CA8D6-0736-437B-9B4D-AF9E792DF63C}"
EndProject
Project("{9A19103F-16F7-4668-BE54-9A1E7A4F7556}") = "MyLibrary.Test", "MyLibrary.Test\MyLibrary.Test.csproj", "{620A5D6E-EA87-4962-855C-BC270DEA2B2C}"
EndProject
Project("{FAE04EC0-301F-11D3-BF4B-00C04F79EFBC}") = "XUnitTestProject1", "XUnitTestProject1\XUnitTestProject1.csproj", "{7FCE8691-DF63-492F-AB0D-8F6C8E7FF7A5}"
EndProject
Global
	GlobalSection(SolutionConfigurationPlatforms) = preSolution
		Debug|Any CPU = Debug|Any CPU
		Release|Any CPU = Release|Any CPU
	EndGlobalSection
	GlobalSection(ProjectConfigurationPlatforms) = postSolution
		{203CA8D6-0736-437B-9B4D-AF9E792DF63C}.Debug|Any CPU.ActiveCfg = Debug|Any CPU
		{203CA8D6-0736-437B-9B4D-AF9E792DF63C}.Debug|Any CPU.Build.0 = Debug|Any CPU
		{203CA8D6-0736-437B-9B4D-AF9E792DF63C}.Release|Any CPU.ActiveCfg = Release|Any CPU
		{203CA8D6-0736-437B-9B4D-AF9E792DF63C}.Release|Any CPU.Build.0 = Release|Any CPU
		{620A5D6E-EA87-4962-855C-BC270DEA2B2C}.Debug|Any CPU.ActiveCfg = Debug|Any CPU
		{620A5D6E-EA87-4962-855C-BC270DEA2B2C}.Debug|Any CPU.Build.0 = Debug|Any CPU
		{620A5D6E-EA87-4962-855C-BC270DEA2B2C}.Release|Any CPU.ActiveCfg = Release|Any CPU
		{620A5D6E-EA87-4962-855C-BC270DEA2B2C}.Release|Any CPU.Build.0 = Release|Any CPU
		{7FCE8691-DF63-492F-AB0D-8F6C8E7FF7A5}.Debug|Any CPU.ActiveCfg = Debug|Any CPU
		{7FCE8691-DF63-492F-AB0D-8F6C8E7FF7A5}.Debug|Any CPU.Build.0 = Debug|Any CPU
		{7FCE8691-DF63-492F-AB0D-8F6C8E7FF7A5}.Release|Any CPU.ActiveCfg = Release|Any CPU
		{7FCE8691-DF63-492F-AB0D-8F6C8E7FF7A5}.Release|Any CPU.Build.0 = Release|Any CPU
	EndGlobalSection
	GlobalSection(SolutionProperties) = preSolution
		HideSolutionNode = FALSE
	EndGlobalSection
EndGlobal
